{
    "name": "calendar",
    "version": "0.0.13",
    "lockfileVersion": 1,
    "requires": true,
    "dependencies": {
        "@hapi/address": {
            "version": "2.1.2",
            "resolved": "https://registry.npmjs.org/@hapi/address/-/address-2.1.2.tgz",
            "integrity": "sha512-O4QDrx+JoGKZc6aN64L04vqa7e41tIiLU+OvKdcYaEMP97UttL0f9GIi9/0A4WAMx0uBd6SidDIhktZhgOcN8Q=="
        },
        "@hapi/boom": {
            "version": "7.4.11",
            "resolved": "https://registry.npmjs.org/@hapi/boom/-/boom-7.4.11.tgz",
            "integrity": "sha1-N6+EF+uUFq7zNnqmD6BKGp8fwmI=",
            "requires": {
                "@hapi/hoek": "8.x.x"
            }
        },
        "@hapi/bourne": {
            "version": "1.3.2",
            "resolved": "https://registry.npmjs.org/@hapi/bourne/-/bourne-1.3.2.tgz",
            "integrity": "sha1-CnCVreoGckPOMoPhtWuKj0U7JCo="
        },
        "@hapi/formula": {
            "version": "1.2.0",
            "resolved": "https://registry.npmjs.org/@hapi/formula/-/formula-1.2.0.tgz",
            "integrity": "sha1-mUZJx/6hqQuRoKHm2YNSP2gOEM0="
        },
        "@hapi/hoek": {
            "version": "8.3.2",
            "resolved": "https://registry.npmjs.org/@hapi/hoek/-/hoek-8.3.2.tgz",
            "integrity": "sha512-NP5SG4bzix+EtSMtcudp8TvI0lB46mXNo8uFpTDw6tqxGx4z5yx+giIunEFA0Z7oUO4DuWrOJV9xqR2tJVEdyA=="
        },
        "@hapi/joi": {
            "version": "16.1.7",
            "resolved": "https://registry.npmjs.org/@hapi/joi/-/joi-16.1.7.tgz",
            "integrity": "sha512-anaIgnZhNooG3LJLrTFzgGALTiO97zRA1UkvQHm9KxxoSiIzCozB3RCNCpDnfhTJD72QlrHA8nwGmNgpFFCIeg==",
            "requires": {
                "@hapi/address": "^2.1.2",
                "@hapi/formula": "^1.2.0",
                "@hapi/hoek": "^8.2.4",
                "@hapi/pinpoint": "^1.0.2",
                "@hapi/topo": "^3.1.3"
            }
        },
        "@hapi/pinpoint": {
            "version": "1.0.2",
            "resolved": "https://registry.npmjs.org/@hapi/pinpoint/-/pinpoint-1.0.2.tgz",
            "integrity": "sha1-Alt6Ntu/TTW/Gs0HHCayDvQeDRM="
        },
        "@hapi/topo": {
            "version": "3.1.6",
            "resolved": "https://registry.npmjs.org/@hapi/topo/-/topo-3.1.6.tgz",
            "integrity": "sha1-aNk1+j6uf91asNf5U/MgXYsr/Ck=",
            "requires": {
                "@hapi/hoek": "^8.3.0"
            }
        },
        "@hapi/wreck": {
            "version": "15.1.0",
            "resolved": "https://registry.npmjs.org/@hapi/wreck/-/wreck-15.1.0.tgz",
            "integrity": "sha1-eRfNJZUM6bAj9/0r6m4u9yxx5Z0=",
            "requires": {
                "@hapi/boom": "7.x.x",
                "@hapi/bourne": "1.x.x",
                "@hapi/hoek": "8.x.x"
            }
        },
        "abort-controller": {
            "version": "3.0.0",
            "resolved": "https://registry.npmjs.org/abort-controller/-/abort-controller-3.0.0.tgz",
            "integrity": "sha1-6vVNU7YrrkE46AnKIlyEOabvs5I=",
            "requires": {
                "event-target-shim": "^5.0.0"
            }
        },
        "agent-base": {
            "version": "4.3.0",
            "resolved": "https://registry.npmjs.org/agent-base/-/agent-base-4.3.0.tgz",
            "integrity": "sha1-gWXwHENgCbzK0LHRIvBe13Dvxu4=",
            "requires": {
                "es6-promisify": "^5.0.0"
            }
        },
        "arrify": {
            "version": "2.0.1",
            "resolved": "https://registry.npmjs.org/arrify/-/arrify-2.0.1.tgz",
            "integrity": "sha1-yWVekzHgq81YjSp8rX6ZVvZnAfo="
        },
        "base64-js": {
            "version": "1.3.1",
            "resolved": "https://registry.npmjs.org/base64-js/-/base64-js-1.3.1.tgz",
            "integrity": "sha1-WOzoy3XdB+ce0IxzarxfrE2/jfE="
        },
        "bignumber.js": {
            "version": "7.2.1",
            "resolved": "https://registry.npmjs.org/bignumber.js/-/bignumber.js-7.2.1.tgz",
            "integrity": "sha1-gMBIdZ2CaACAfEv9Uh5Q7bulel8="
        },
        "buffer-equal-constant-time": {
            "version": "1.0.1",
            "resolved": "https://registry.npmjs.org/buffer-equal-constant-time/-/buffer-equal-constant-time-1.0.1.tgz",
            "integrity": "sha1-+OcRMvf/5uAaXJaXpMbz5I1cyBk="
        },
        "chrono-node": {
            "version": "1.3.11",
            "resolved": "https://registry.npmjs.org/chrono-node/-/chrono-node-1.3.11.tgz",
            "integrity": "sha1-uGomt+MVftzE/jN04bb5DK7cjjk=",
            "requires": {
                "moment": "2.21.0"
            }
        },
        "date-fns": {
            "version": "2.5.1",
            "resolved": "https://registry.npmjs.org/date-fns/-/date-fns-2.5.1.tgz",
            "integrity": "sha512-ZBrQmuaqH9YqIejbgu8f09ki7wdD2JxWsRTZ/+HnnLNmkI56ty0evnWzKY+ihLT0xX5VdUX0vDNZCxJJGKX2+Q=="
        },
        "debug": {
            "version": "3.2.6",
            "resolved": "https://registry.npmjs.org/debug/-/debug-3.2.6.tgz",
            "integrity": "sha1-6D0X3hbYp++3cX7b5fsQE17uYps=",
            "requires": {
                "ms": "^2.1.1"
            }
        },
        "ecdsa-sig-formatter": {
            "version": "1.0.11",
            "resolved": "https://registry.npmjs.org/ecdsa-sig-formatter/-/ecdsa-sig-formatter-1.0.11.tgz",
            "integrity": "sha1-rg8PothQRe8UqBfao86azQSJ5b8=",
            "requires": {
                "safe-buffer": "^5.0.1"
            }
        },
        "es6-promise": {
            "version": "4.2.8",
            "resolved": "https://registry.npmjs.org/es6-promise/-/es6-promise-4.2.8.tgz",
            "integrity": "sha1-TrIVlMlyvEBVPSduUQU5FD21Pgo="
        },
        "es6-promisify": {
            "version": "5.0.0",
            "resolved": "https://registry.npmjs.org/es6-promisify/-/es6-promisify-5.0.0.tgz",
            "integrity": "sha1-UQnWLz5W6pZ8S2NQWu8IKRyKUgM=",
            "requires": {
                "es6-promise": "^4.0.3"
            }
        },
        "event-target-shim": {
            "version": "5.0.1",
            "resolved": "https://registry.npmjs.org/event-target-shim/-/event-target-shim-5.0.1.tgz",
            "integrity": "sha1-XU0+vflYPWOlMzzi3rdICrKwV4k="
        },
        "extend": {
            "version": "3.0.2",
            "resolved": "https://registry.npmjs.org/extend/-/extend-3.0.2.tgz",
            "integrity": "sha1-+LETa0Bx+9jrFAr/hYsQGewpFfo="
        },
        "fast-text-encoding": {
            "version": "1.0.0",
            "resolved": "https://registry.npmjs.org/fast-text-encoding/-/fast-text-encoding-1.0.0.tgz",
            "integrity": "sha1-PlzoKTQJz6pxd6cbnKhOGx5vJe8="
        },
        "gaxios": {
            "version": "2.1.0",
            "resolved": "https://registry.npmjs.org/gaxios/-/gaxios-2.1.0.tgz",
            "integrity": "sha512-Gtpb5sdQmb82sgVkT2GnS2n+Kx4dlFwbeMYcDlD395aEvsLCSQXJJcHt7oJ2LrGxDEAeiOkK79Zv2A8Pzt6CFg==",
            "requires": {
                "abort-controller": "^3.0.0",
                "extend": "^3.0.2",
                "https-proxy-agent": "^3.0.0",
                "is-stream": "^2.0.0",
                "node-fetch": "^2.3.0"
            }
        },
        "gcp-metadata": {
            "version": "3.2.0",
            "resolved": "https://registry.npmjs.org/gcp-metadata/-/gcp-metadata-3.2.0.tgz",
            "integrity": "sha512-ympv+yQ6k5QuWCuwQqnGEvFGS7MBKdcQdj1i188v3bW9QLFIchTGaBCEZxSQapT0jffdn1vdt8oJhB5VBWQO1Q==",
            "requires": {
                "gaxios": "^2.0.1",
                "json-bigint": "^0.3.0"
            }
        },
        "google-auth-library": {
            "version": "5.5.0",
            "resolved": "https://registry.npmjs.org/google-auth-library/-/google-auth-library-5.5.0.tgz",
            "integrity": "sha512-TNeraw4miu6/FhO0jDrHiJuRx3SBrAhxHSPj7+rhif43bKE34UItXX9lejKxo3E8FNytuY4LIVIvpcqMQHSYZw==",
            "requires": {
                "arrify": "^2.0.0",
                "base64-js": "^1.3.0",
                "fast-text-encoding": "^1.0.0",
                "gaxios": "^2.0.0",
                "gcp-metadata": "^3.2.0",
                "gtoken": "^4.1.0",
                "jws": "^3.1.5",
                "lru-cache": "^5.0.0"
            }
        },
        "google-p12-pem": {
            "version": "2.0.2",
            "resolved": "https://registry.npmjs.org/google-p12-pem/-/google-p12-pem-2.0.2.tgz",
            "integrity": "sha512-UfnEARfJKI6pbmC1hfFFm+UAcZxeIwTiEcHfqKe/drMsXD/ilnVjF7zgOGpHXyhuvX6jNJK3S8A0hOQjwtFxEw==",
            "requires": {
                "node-forge": "^0.9.0"
            }
        },
        "googleapis": {
            "version": "44.0.0",
            "resolved": "https://registry.npmjs.org/googleapis/-/googleapis-44.0.0.tgz",
            "integrity": "sha1-543F3uc0IlqCE2YWxTb6l9Ti0S8=",
            "requires": {
                "google-auth-library": "^5.2.0",
                "googleapis-common": "^3.1.0"
            }
        },
        "googleapis-common": {
            "version": "3.1.1",
            "resolved": "https://registry.npmjs.org/googleapis-common/-/googleapis-common-3.1.1.tgz",
            "integrity": "sha512-sXNS9oJifZOk2Pa6SzxoSfv0Mj9y/qIOsVV7D8WHuH//90CXNnpR/nCYVa+KcPMDT9ONq21sbtvjfKATMV1Bug==",
            "requires": {
                "extend": "^3.0.2",
                "gaxios": "^2.0.1",
                "google-auth-library": "^5.2.0",
                "qs": "^6.7.0",
                "url-template": "^2.0.8",
                "uuid": "^3.3.2"
            }
        },
        "gtoken": {
            "version": "4.1.0",
            "resolved": "https://registry.npmjs.org/gtoken/-/gtoken-4.1.0.tgz",
            "integrity": "sha512-wqyn2gf5buzEZN4QNmmiiW2i2JkEdZnL7Z/9p44RtZqgt4077m4khRgAYNuu8cBwHWCc6MsP6eDUn/KkF6jFIw==",
            "requires": {
                "gaxios": "^2.0.0",
                "google-p12-pem": "^2.0.0",
                "jws": "^3.1.5",
                "mime": "^2.2.0"
            }
        },
        "https-proxy-agent": {
            "version": "3.0.0",
            "resolved": "https://registry.npmjs.org/https-proxy-agent/-/https-proxy-agent-3.0.0.tgz",
            "integrity": "sha512-y4jAxNEihqvBI5F3SaO2rtsjIOnnNA8sEbuiP+UhJZJHeM2NRm6c09ax2tgqme+SgUUvjao2fJXF4h3D6Cb2HQ==",
            "requires": {
                "agent-base": "^4.3.0",
                "debug": "^3.1.0"
            }
        },
        "is-stream": {
            "version": "2.0.0",
            "resolved": "https://registry.npmjs.org/is-stream/-/is-stream-2.0.0.tgz",
            "integrity": "sha1-venDJoDW+uBBKdasnZIc54FfeOM="
        },
        "json-bigint": {
            "version": "0.3.0",
            "resolved": "https://registry.npmjs.org/json-bigint/-/json-bigint-0.3.0.tgz",
            "integrity": "sha1-DM2RLEuCcNBfBW+9E4FLU9OCWx4=",
            "requires": {
                "bignumber.js": "^7.0.0"
            }
        },
        "jwa": {
            "version": "1.4.1",
            "resolved": "https://registry.npmjs.org/jwa/-/jwa-1.4.1.tgz",
            "integrity": "sha1-dDwymFy56YZVUw1TZBtmyGRbA5o=",
            "requires": {
                "buffer-equal-constant-time": "1.0.1",
                "ecdsa-sig-formatter": "1.0.11",
                "safe-buffer": "^5.0.1"
            }
        },
        "jws": {
            "version": "3.2.2",
            "resolved": "https://registry.npmjs.org/jws/-/jws-3.2.2.tgz",
            "integrity": "sha1-ABCZ82OUaMlBQADpmZX6UvtHgwQ=",
            "requires": {
                "jwa": "^1.4.1",
                "safe-buffer": "^5.0.1"
            }
        },
        "lru-cache": {
            "version": "5.1.1",
            "resolved": "https://registry.npmjs.org/lru-cache/-/lru-cache-5.1.1.tgz",
            "integrity": "sha1-HaJ+ZxAnGUdpXa9oSOhH8B2EuSA=",
            "requires": {
                "yallist": "^3.0.2"
            }
        },
        "mime": {
            "version": "2.4.4",
            "resolved": "https://registry.npmjs.org/mime/-/mime-2.4.4.tgz",
            "integrity": "sha1-vXuRE1/GsBzePpuuM9ZZtj2IV+U="
        },
        "moment": {
            "version": "2.21.0",
            "resolved": "https://registry.npmjs.org/moment/-/moment-2.21.0.tgz",
            "integrity": "sha1-KhFLUdKm7J5tg8+AP4OKh42KAjo="
        },
        "ms": {
            "version": "2.1.2",
            "resolved": "https://registry.npmjs.org/ms/-/ms-2.1.2.tgz",
            "integrity": "sha1-0J0fNXtEP0kzgqjrPM0YOHKuYAk="
        },
        "node-fetch": {
            "version": "2.6.0",
            "resolved": "https://registry.npmjs.org/node-fetch/-/node-fetch-2.6.0.tgz",
            "integrity": "sha1-5jNFY4bUqlWGP2dqerDaqP3ssP0="
        },
        "node-forge": {
            "version": "0.9.1",
            "resolved": "https://registry.npmjs.org/node-forge/-/node-forge-0.9.1.tgz",
            "integrity": "sha1-d1No5oRlWKtmdoWKTYxujRbGd7U="
        },
        "qs": {
            "version": "6.9.0",
            "resolved": "https://registry.npmjs.org/qs/-/qs-6.9.0.tgz",
            "integrity": "sha512-27RP4UotQORTpmNQDX8BHPukOnBP3p1uUJY5UnDhaJB+rMt9iMsok724XL+UHU23bEFOHRMQ2ZhI99qOWUMGFA=="
        },
        "safe-buffer": {
            "version": "5.2.0",
            "resolved": "https://registry.npmjs.org/safe-buffer/-/safe-buffer-5.2.0.tgz",
            "integrity": "sha1-t02uxJsRSPiMZLaNSbHoFcHy9Rk="
        },
        "simple-oauth2": {
            "version": "3.0.0",
            "resolved": "https://registry.npmjs.org/simple-oauth2/-/simple-oauth2-3.0.0.tgz",
            "integrity": "sha512-SfYCt6jWW6R6t6tS3N0WPuhqg9uvgyR75bQ7oQOIhE/2wfS0lv9BbfrGUvedvmsES4NEC7dqAbTqQ+V8KUG0nQ==",
            "requires": {
                "@hapi/hoek": "^8.3.0",
                "@hapi/joi": "^16.1.7",
                "@hapi/wreck": "^15.1.0",
                "date-fns": "^2.4.1",
                "debug": "^4.1.1"
            },
            "dependencies": {
                "debug": {
                    "version": "4.1.1",
                    "resolved": "https://registry.npmjs.org/debug/-/debug-4.1.1.tgz",
                    "integrity": "sha512-pYAIzeRo8J6KPEaJ0VWOh5Pzkbw/RetuzehGM7QRRX5he4fPHx2rdKMB256ehJCkX+XRQm16eZLqLNS8RSZXZw==",
                    "requires": {
                        "ms": "^2.1.1"
                    }
                }
            }
        },
        "url-template": {
            "version": "2.0.8",
            "resolved": "https://registry.npmjs.org/url-template/-/url-template-2.0.8.tgz",
            "integrity": "sha1-/FZaPMy/93MMd19WQflVV5FDnyE="
        },
        "uuid": {
            "version": "3.3.3",
            "resolved": "https://registry.npmjs.org/uuid/-/uuid-3.3.3.tgz",
            "integrity": "sha1-RWjwIW54dg7h2/Ok0s9T4iQRKGY="
        },
        "yallist": {
            "version": "3.1.1",
            "resolved": "https://registry.npmjs.org/yallist/-/yallist-3.1.1.tgz",
            "integrity": "sha1-27fa+b/YusmrRev2ArjLrQ1dCP0="
        }
    }
}
